<?xml version="1.0" encoding="UTF-8"?>
<CONFIG>
  <ProjectOptions>
    <Version Value="11"/>
    <General>
      <MainUnit Value="0"/>
      <Title Value="UsualInApp-Test"/>
      <UseXPManifest Value="True"/>
      <Icon Value="0"/>
    </General>
    <VersionInfo>
      <UseVersionInfo Value="True"/>
      <AutoIncrementBuild Value="True"/>
      <MinorVersionNr Value="1"/>
      <RevisionNr Value="2"/>
      <BuildNr Value="8"/>
      <StringTable CompanyName="Netsika" LegalCopyright="(c) Thierry Andriamirado 2019"/>
    </VersionInfo>
    <CustomData Count="13">
      <Item0 Name="lazpackager/copyright" Value="2012 Jane Doe"/>
      <Item1 Name="lazpackager/deb/ppa" Value="ppa:johndoe/use-your-own"/>
      <Item2 Name="lazpackager/deb/series" Value="precise"/>
      <Item3 Name="lazpackager/deb/tpl_changelog" Value="?PACKAGE_NAME? (?FULLVERSION?) ?SERIES?; urgency=low

  * Original version ?VERSION? packaged with lazdebian

 -- ?MAINTAINER? &lt;?MAINTAINER_EMAIL?>  ?DATER?
"/>
      <Item4 Name="lazpackager/deb/tpl_control" Value="Source: ?PACKAGE_NAME?
Maintainer: ?MAINTAINER? &lt;?MAINTAINER_EMAIL?>
Section: misc
Priority: optional
Standards-Version: 3.9.3
Build-Depends: fpc, lazarus, lcl, lcl-utils, debhelper (>= 8)

Package: ?PACKAGE_NAME?
Architecture: any
Depends: ${shlibs:Depends}, ${misc:Depends},
Description: ?DESCRIPTION?
 ?DESCRIPTION_LONG?
"/>
      <Item5 Name="lazpackager/deb/tpl_copyright" Value="Format: http://www.debian.org/doc/packaging-manuals/copyright-format/1.0/

Files: *
Copyright: ?COPYRIGHT?
License: GPL-2+
 This program is free software; you can redistribute it and/or modify
 it under the terms of the GNU General Public License as published by
 the Free Software Foundation; either version 2 of the License, or
 at your option) any later version.
 .
 This program is distributed in the hope that it will be useful,
 but WITHOUT ANY WARRANTY; without even the implied warranty of
 MERCHANTABILITY or FITNESS FOR A PARTICULAR PURPOSE. See the
 GNU General Public License for more details.
 .
 You should have received a copy of the GNU General Public License along
 with this program; if not, write to the Free Software Foundation, Inc.,
 51 Franklin Street, Fifth Floor, Boston, MA 02110-1301 USA.
 .
 On Debian systems, the full text of the GNU General Public
 License version 2 can be found in the file
 /usr/share/common-licenses/GPL-2
"/>
      <Item6 Name="lazpackager/deb/tpl_rules" Value="#!/usr/bin/make -f

ROOT = $(CURDIR)/debian/?PACKAGE_NAME?

override_dh_auto_clean:
	$(RM) -r lib
	$(RM) lib *.res ?EXECUTABLE?

override_dh_auto_build:
	lazbuild ?PROJECT?

override_dh_auto_install:
	install -d -m 755 $(ROOT)/usr/bin
	install -s -m 755 ?EXECUTABLE? $(ROOT)/usr/bin

%:
	dh $@
"/>
      <Item7 Name="lazpackager/description" Value="this is a program"/>
      <Item8 Name="lazpackager/description_long" Value="long description may not be empty!"/>
      <Item9 Name="lazpackager/export_cmd" Value="?CP? *.lpi ?TEMPFOLDER?/
?CP? *.lpr ?TEMPFOLDER?/
?CP? *.pas ?TEMPFOLDER?/
?CP? *.lfm ?TEMPFOLDER?/
?CP? *.ico ?TEMPFOLDER?/
"/>
      <Item10 Name="lazpackager/maintainer" Value="John Doe"/>
      <Item11 Name="lazpackager/maintainer_email" Value="john_doe@example.invalid"/>
      <Item12 Name="lazpackager/package_name" Value="debian-package-name"/>
    </CustomData>
    <BuildModes Count="1">
      <Item1 Name="default" Default="True"/>
    </BuildModes>
    <PublishOptions>
      <Version Value="2"/>
    </PublishOptions>
    <RunParams>
      <FormatVersion Value="2"/>
      <Modes Count="1">
        <Mode0 Name="default">
          <local>
            <LaunchingApplication PathPlusParams="/usr/X11R6/bin/xterm -T 'Lazarus Run Output' -e $(LazarusDir)/tools/runwait.sh $(TargetCmdLine)"/>
          </local>
        </Mode0>
      </Modes>
    </RunParams>
    <RequiredPackages Count="2">
      <Item1>
        <PackageName Value="usualinapp"/>
      </Item1>
      <Item2>
        <PackageName Value="LCL"/>
      </Item2>
    </RequiredPackages>
    <Units Count="17">
      <Unit0>
        <Filename Value="usualinapp_test.lpr"/>
        <IsPartOfProject Value="True"/>
        <IsVisibleTab Value="True"/>
        <EditorIndex Value="3"/>
        <CursorPos Y="5"/>
        <UsageCount Value="33"/>
        <Loaded Value="True"/>
        <DefaultSyntaxHighlighter Value="Delphi"/>
      </Unit0>
      <Unit1>
        <Filename Value="uusualinapp_test.pas"/>
        <IsPartOfProject Value="True"/>
        <ComponentName Value="FUsualInApp_Test"/>
        <HasResources Value="True"/>
        <ResourceBaseClass Value="Form"/>
        <CursorPos Y="5"/>
        <UsageCount Value="33"/>
        <Loaded Value="True"/>
        <LoadedDesigner Value="True"/>
        <DefaultSyntaxHighlighter Value="Delphi"/>
      </Unit1>
      <Unit2>
        <Filename Value="../appsimpleutils.pas"/>
        <CursorPos X="17" Y="10"/>
        <UsageCount Value="10"/>
      </Unit2>
      <Unit3>
        <Filename Value="../asuusuals.pas"/>
        <UnitName Value="ASUUsuals"/>
        <EditorIndex Value="-1"/>
        <TopLine Value="68"/>
        <CursorPos Y="85"/>
        <UsageCount Value="14"/>
      </Unit3>
      <Unit4>
        <Filename Value="/usr/local/src/svn/lazarus/components/custom/AppSimpleUtils/asuusuals.pas"/>
        <UnitName Value="ASUUsuals"/>
        <TopLine Value="33"/>
        <CursorPos X="42" Y="53"/>
        <UsageCount Value="11"/>
        <DefaultSyntaxHighlighter Value="Delphi"/>
      </Unit4>
      <Unit5>
        <Filename Value="/usr/local/src/svn/lazarus/lcl/lresources.pp"/>
        <UnitName Value="LResources"/>
        <TopLine Value="46"/>
        <UsageCount Value="10"/>
        <DefaultSyntaxHighlighter Value="Delphi"/>
      </Unit5>
      <Unit6>
        <Filename Value="../../RBVisualSystem/rbfstreeview.pas"/>
        <UnitName Value="RBFSTreeView"/>
        <TopLine Value="128"/>
        <CursorPos X="30" Y="68"/>
        <UsageCount Value="11"/>
      </Unit6>
      <Unit7>
        <Filename Value="/usr/share/fpcsrc/2.2.2/rtl/objpas/sysutils/osutilsh.inc"/>
        <TopLine Value="19"/>
        <CursorPos X="10" Y="37"/>
        <UsageCount Value="11"/>
        <DefaultSyntaxHighlighter Value="Delphi"/>
      </Unit7>
      <Unit8>
        <Filename Value="/usr/share/fpcsrc/2.6.2/rtl/objpas/sysutils/osutilsh.inc"/>
        <TopLine Value="27"/>
        <CursorPos X="10" Y="44"/>
        <UsageCount Value="11"/>
        <DefaultSyntaxHighlighter Value="Delphi"/>
      </Unit8>
      <Unit9>
        <Filename Value="/usr/share/fpcsrc/2.6.2/rtl/objpas/sysutils/osutil.inc"/>
        <TopLine Value="89"/>
        <CursorPos X="35" Y="94"/>
        <UsageCount Value="11"/>
        <DefaultSyntaxHighlighter Value="Delphi"/>
      </Unit9>
      <Unit10>
        <Filename Value="/usr/share/fpcsrc/2.6.2/rtl/unix/sysutils.pp"/>
        <TopLine Value="1324"/>
        <CursorPos X="33" Y="1337"/>
        <UsageCount Value="11"/>
        <Bookmarks Count="1">
          <Item0 X="18" Y="1337"/>
        </Bookmarks>
        <DefaultSyntaxHighlighter Value="Delphi"/>
      </Unit10>
      <Unit11>
        <Filename Value="../../ConfigFiles/configfiletools.pas"/>
        <UsageCount Value="10"/>
      </Unit11>
      <Unit12>
        <Filename Value="/usr/share/fpcsrc/3.0.4/rtl/objpas/sysutils/osutilsh.inc"/>
        <EditorIndex Value="-1"/>
        <TopLine Value="30"/>
        <CursorPos X="10" Y="41"/>
        <UsageCount Value="10"/>
      </Unit12>
      <Unit13>
        <Filename Value="../usualinapp.pas"/>
        <EditorIndex Value="2"/>
        <CursorPos X="35" Y="11"/>
        <UsageCount Value="10"/>
        <Loaded Value="True"/>
      </Unit13>
      <Unit14>
        <Filename Value="../uusualinapp.pas"/>
        <EditorIndex Value="1"/>
        <CursorPos Y="5"/>
        <UsageCount Value="12"/>
        <Loaded Value="True"/>
      </Unit14>
      <Unit15>
        <Filename Value="../ASU-Test/uappsimpleutils_test.lfm"/>
        <EditorIndex Value="-1"/>
        <TopLine Value="107"/>
        <CursorPos X="33" Y="124"/>
        <UsageCount Value="10"/>
        <DefaultSyntaxHighlighter Value="LFM"/>
      </Unit15>
      <Unit16>
        <Filename Value="../README.md"/>
        <EditorIndex Value="4"/>
        <UsageCount Value="11"/>
        <Loaded Value="True"/>
        <DefaultSyntaxHighlighter Value="None"/>
      </Unit16>
    </Units>
    <JumpHistory Count="6" HistoryIndex="5">
      <Position1>
        <Filename Value="usualinapp_test.lpr"/>
        <Caret Line="15" Column="3" TopLine="2"/>
      </Position1>
      <Position2>
        <Filename Value="usualinapp_test.lpr"/>
        <Caret Line="22" TopLine="2"/>
      </Position2>
      <Position3>
        <Filename Value="usualinapp_test.lpr"/>
        <Caret Line="15" TopLine="2"/>
      </Position3>
      <Position4>
        <Filename Value="usualinapp_test.lpr"/>
        <Caret Line="22" TopLine="2"/>
      </Position4>
      <Position5>
        <Filename Value="usualinapp_test.lpr"/>
        <Caret Line="22" TopLine="2"/>
      </Position5>
      <Position6>
        <Filename Value="usualinapp_test.lpr"/>
        <Caret Line="13" Column="31" TopLine="2"/>
      </Position6>
    </JumpHistory>
  </ProjectOptions>
  <CompilerOptions>
    <Version Value="11"/>
    <SearchPaths>
      <IncludeFiles Value="$(ProjOutDir)"/>
      <UnitOutputDirectory Value="lib/$(TargetCPU)-$(TargetOS)"/>
    </SearchPaths>
    <Parsing>
      <SyntaxOptions>
        <SyntaxMode Value="Delphi"/>
        <CStyleOperator Value="False"/>
        <UseAnsiStrings Value="False"/>
      </SyntaxOptions>
    </Parsing>
    <Linking>
      <Options>
        <Win32>
          <GraphicApplication Value="True"/>
        </Win32>
      </Options>
    </Linking>
  </CompilerOptions>
  <Debugging>
    <Exceptions Count="3">
      <Item1>
        <Name Value="EAbort"/>
      </Item1>
      <Item2>
        <Name Value="ECodetoolError"/>
      </Item2>
      <Item3>
        <Name Value="EFOpenError"/>
      </Item3>
    </Exceptions>
  </Debugging>
</CONFIG>
